{
  "name": "bcs-hacks-2022",
  "lockfileVersion": 2,
  "requires": true,
  "packages": {
    "": {
      "dependencies": {
        "axios": "^0.26.1",
        "datatables.net": "^1.11.5",
        "datatables.net-buttons": "^2.2.2",
        "datatables.net-buttons-dt": "^2.2.2",
        "datatables.net-dt": "^1.11.5",
        "jquery": "^3.6.0"
      },
      "devDependencies": {
        "@types/datatables.net-buttons": "^1.4.7"
      }
    },
    "node_modules/@types/datatables.net": {
      "version": "1.10.21",
      "resolved": "https://registry.npmjs.org/@types/datatables.net/-/datatables.net-1.10.21.tgz",
      "integrity": "sha512-fXtWlm70PUEv0k5NfpI+BmHTTHxU6XMkKF0B2G3ly2g64EUYJc2SuNI9hZ7l/+aComO0IpLv0eLAOHGEfzMFiQ==",
      "dev": true,
      "dependencies": {
        "@types/jquery": "*"
      }
    },
    "node_modules/@types/datatables.net-buttons": {
      "version": "1.4.7",
      "resolved": "https://registry.npmjs.org/@types/datatables.net-buttons/-/datatables.net-buttons-1.4.7.tgz",
      "integrity": "sha512-BicCRXPmHoLReYvEBD35aZIkXptUP61pXD6N5t82Xh4+gquErTqDiqOY7V5kFLIleMsZJY/IZp2XlCFhzFiGKw==",
      "dev": true,
      "dependencies": {
        "@types/datatables.net": "*",
        "@types/jquery": "*"
      }
    },
    "node_modules/@types/jquery": {
      "version": "3.5.14",
      "resolved": "https://registry.npmjs.org/@types/jquery/-/jquery-3.5.14.tgz",
      "integrity": "sha512-X1gtMRMbziVQkErhTQmSe2jFwwENA/Zr+PprCkF63vFq+Yt5PZ4AlKqgmeNlwgn7dhsXEK888eIW2520EpC+xg==",
      "dev": true,
      "dependencies": {
        "@types/sizzle": "*"
      }
    },
    "node_modules/@types/sizzle": {
      "version": "2.3.3",
      "resolved": "https://registry.npmjs.org/@types/sizzle/-/sizzle-2.3.3.tgz",
      "integrity": "sha512-JYM8x9EGF163bEyhdJBpR2QX1R5naCJHC8ucJylJ3w9/CVBaskdQ8WqBf8MmQrd1kRvp/a4TS8HJ+bxzR7ZJYQ==",
      "dev": true
    },
    "node_modules/axios": {
      "version": "0.26.1",
      "resolved": "https://registry.npmjs.org/axios/-/axios-0.26.1.tgz",
      "integrity": "sha512-fPwcX4EvnSHuInCMItEhAGnaSEXRBjtzh9fOtsE6E1G6p7vl7edEeZe11QHf18+6+9gR5PbKV/sGKNaD8YaMeA==",
      "dependencies": {
        "follow-redirects": "^1.14.8"
      }
    },
    "node_modules/datatables.net": {
      "version": "1.11.5",
      "resolved": "https://registry.npmjs.org/datatables.net/-/datatables.net-1.11.5.tgz",
      "integrity": "sha512-nlFst2xfwSWaQgaOg5sXVG3cxYC0tH8E8d65289w9ROgF2TmLULOOpcdMpyxxUim/qEwVSEem42RjkTWEpr3eA==",
      "dependencies": {
        "jquery": ">=1.7"
      }
    },
    "node_modules/datatables.net-buttons": {
      "version": "2.2.2",
      "resolved": "https://registry.npmjs.org/datatables.net-buttons/-/datatables.net-buttons-2.2.2.tgz",
      "integrity": "sha512-YrTgBDejFSzm2CJOx0aOACXDIELBsdMFe6IR3rJqC0elJoMd6uXVQ4pRBQEge4cfWpYa5T1Majm7r6FQi0j6Jw==",
      "dependencies": {
        "datatables.net": ">=1.11.3",
        "jquery": ">=1.7"
      }
    },
    "node_modules/datatables.net-buttons-dt": {
      "version": "2.2.2",
      "resolved": "https://registry.npmjs.org/datatables.net-buttons-dt/-/datatables.net-buttons-dt-2.2.2.tgz",
      "integrity": "sha512-g+74R5dLD4Lh0j/RDgVuGT0fIHavbZIuC0NEBmeu12qf8Ya7Zljhg61nE9z7gaVQLDXF+wF0sduc5usYNhS+ww==",
      "dependencies": {
        "datatables.net-buttons": ">=2.0.1",
        "datatables.net-dt": ">=1.11.3",
        "jquery": ">=1.7"
      }
    },
    "node_modules/datatables.net-dt": {
      "version": "1.11.5",
      "resolved": "https://registry.npmjs.org/datatables.net-dt/-/datatables.net-dt-1.11.5.tgz",
      "integrity": "sha512-QZ6AZv6bFyGPuJLILQ50T9IHT0foKw5XOl+pA1W8BFHTQ/CkUuU54GtgvAnq+ag0wdis4+Qq/YuN2yTogoLXdA==",
      "dependencies": {
        "datatables.net": ">=1.11.3",
        "jquery": ">=1.7"
      }
    },
    "node_modules/follow-redirects": {
      "version": "1.14.9",
      "resolved": "https://registry.npmjs.org/follow-redirects/-/follow-redirects-1.14.9.tgz",
      "integrity": "sha512-MQDfihBQYMcyy5dhRDJUHcw7lb2Pv/TuE6xP1vyraLukNDHKbDxDNaOE3NbCAdKQApno+GPRyo1YAp89yCjK4w==",
      "funding": [
        {
          "type": "individual",
          "url": "https://github.com/sponsors/RubenVerborgh"
        }
      ],
      "engines": {
        "node": ">=4.0"
      },
      "peerDependenciesMeta": {
        "debug": {
          "optional": true
        }
      }
    },
    "node_modules/jquery": {
      "version": "3.6.0",
      "resolved": "https://registry.npmjs.org/jquery/-/jquery-3.6.0.tgz",
      "integrity": "sha512-JVzAR/AjBvVt2BmYhxRCSYysDsPcssdmTFnzyLEts9qNwmjmu4JTAMYubEfwVOSwpQ1I1sKKFcxhZCI2buerfw=="
    }
  },
  "dependencies": {
    "@types/datatables.net": {
      "version": "1.10.21",
      "resolved": "https://registry.npmjs.org/@types/datatables.net/-/datatables.net-1.10.21.tgz",
      "integrity": "sha512-fXtWlm70PUEv0k5NfpI+BmHTTHxU6XMkKF0B2G3ly2g64EUYJc2SuNI9hZ7l/+aComO0IpLv0eLAOHGEfzMFiQ==",
      "dev": true,
      "requires": {
        "@types/jquery": "*"
      }
    },
    "@types/datatables.net-buttons": {
      "version": "1.4.7",
      "resolved": "https://registry.npmjs.org/@types/datatables.net-buttons/-/datatables.net-buttons-1.4.7.tgz",
      "integrity": "sha512-BicCRXPmHoLReYvEBD35aZIkXptUP61pXD6N5t82Xh4+gquErTqDiqOY7V5kFLIleMsZJY/IZp2XlCFhzFiGKw==",
      "dev": true,
      "requires": {
        "@types/datatables.net": "*",
        "@types/jquery": "*"
      }
    },
    "@types/jquery": {
      "version": "3.5.14",
      "resolved": "https://registry.npmjs.org/@types/jquery/-/jquery-3.5.14.tgz",
      "integrity": "sha512-X1gtMRMbziVQkErhTQmSe2jFwwENA/Zr+PprCkF63vFq+Yt5PZ4AlKqgmeNlwgn7dhsXEK888eIW2520EpC+xg==",
      "dev": true,
      "requires": {
        "@types/sizzle": "*"
      }
    },
    "@types/sizzle": {
      "version": "2.3.3",
      "resolved": "https://registry.npmjs.org/@types/sizzle/-/sizzle-2.3.3.tgz",
      "integrity": "sha512-JYM8x9EGF163bEyhdJBpR2QX1R5naCJHC8ucJylJ3w9/CVBaskdQ8WqBf8MmQrd1kRvp/a4TS8HJ+bxzR7ZJYQ==",
      "dev": true
    },
    "axios": {
      "version": "0.26.1",
      "resolved": "https://registry.npmjs.org/axios/-/axios-0.26.1.tgz",
      "integrity": "sha512-fPwcX4EvnSHuInCMItEhAGnaSEXRBjtzh9fOtsE6E1G6p7vl7edEeZe11QHf18+6+9gR5PbKV/sGKNaD8YaMeA==",
      "requires": {
        "follow-redirects": "^1.14.8"
      }
    },
    "datatables.net": {
      "version": "1.11.5",
      "resolved": "https://registry.npmjs.org/datatables.net/-/datatables.net-1.11.5.tgz",
      "integrity": "sha512-nlFst2xfwSWaQgaOg5sXVG3cxYC0tH8E8d65289w9ROgF2TmLULOOpcdMpyxxUim/qEwVSEem42RjkTWEpr3eA==",
      "requires": {
        "jquery": ">=1.7"
      }
    },
    "datatables.net-buttons": {
      "version": "2.2.2",
      "resolved": "https://registry.npmjs.org/datatables.net-buttons/-/datatables.net-buttons-2.2.2.tgz",
      "integrity": "sha512-YrTgBDejFSzm2CJOx0aOACXDIELBsdMFe6IR3rJqC0elJoMd6uXVQ4pRBQEge4cfWpYa5T1Majm7r6FQi0j6Jw==",
      "requires": {
        "datatables.net": ">=1.11.3",
        "jquery": ">=1.7"
      }
    },
    "datatables.net-buttons-dt": {
      "version": "2.2.2",
      "resolved": "https://registry.npmjs.org/datatables.net-buttons-dt/-/datatables.net-buttons-dt-2.2.2.tgz",
      "integrity": "sha512-g+74R5dLD4Lh0j/RDgVuGT0fIHavbZIuC0NEBmeu12qf8Ya7Zljhg61nE9z7gaVQLDXF+wF0sduc5usYNhS+ww==",
      "requires": {
        "datatables.net-buttons": ">=2.0.1",
        "datatables.net-dt": ">=1.11.3",
        "jquery": ">=1.7"
      }
    },
    "datatables.net-dt": {
      "version": "1.11.5",
      "resolved": "https://registry.npmjs.org/datatables.net-dt/-/datatables.net-dt-1.11.5.tgz",
      "integrity": "sha512-QZ6AZv6bFyGPuJLILQ50T9IHT0foKw5XOl+pA1W8BFHTQ/CkUuU54GtgvAnq+ag0wdis4+Qq/YuN2yTogoLXdA==",
      "requires": {
        "datatables.net": ">=1.11.3",
        "jquery": ">=1.7"
      }
    },
    "follow-redirects": {
      "version": "1.14.9",
      "resolved": "https://registry.npmjs.org/follow-redirects/-/follow-redirects-1.14.9.tgz",
      "integrity": "sha512-MQDfihBQYMcyy5dhRDJUHcw7lb2Pv/TuE6xP1vyraLukNDHKbDxDNaOE3NbCAdKQApno+GPRyo1YAp89yCjK4w=="
    },
    "jquery": {
      "version": "3.6.0",
      "resolved": "https://registry.npmjs.org/jquery/-/jquery-3.6.0.tgz",
      "integrity": "sha512-JVzAR/AjBvVt2BmYhxRCSYysDsPcssdmTFnzyLEts9qNwmjmu4JTAMYubEfwVOSwpQ1I1sKKFcxhZCI2buerfw=="
    }
  }
}
